
Microsoft Visual Studio Solution File, Format Version 12.00
# Visual Studio Version 16
VisualStudioVersion = 16.0.31424.327
MinimumVisualStudioVersion = 10.0.40219.1
Project("{9A19103F-16F7-4668-BE54-9A1E7A4F7556}") = "BSDiscordRanking", "BSLevelUpDiscordSystem1.2\BSDiscordRanking.csproj", "{855A7C12-9F49-42F0-BE9E-8CB348A2AEA5}"
EndProject
Global
	GlobalSection(SolutionConfigurationPlatforms) = preSolution
		Debug|Any CPU = Debug|Any CPU
		Release|Any CPU = Release|Any CPU
	EndGlobalSection
	GlobalSection(ProjectConfigurationPlatforms) = postSolution
		{855A7C12-9F49-42F0-BE9E-8CB348A2AEA5}.Debug|Any CPU.ActiveCfg = Debug|Any CPU
		{855A7C12-9F49-42F0-BE9E-8CB348A2AEA5}.Debug|Any CPU.Build.0 = Debug|Any CPU
		{855A7C12-9F49-42F0-BE9E-8CB348A2AEA5}.Release|Any CPU.ActiveCfg = Release|Any CPU
		{855A7C12-9F49-42F0-BE9E-8CB348A2AEA5}.Release|Any CPU.Build.0 = Release|Any CPU
	EndGlobalSection
	GlobalSection(SolutionProperties) = preSolution
		HideSolutionNode = FALSE
	EndGlobalSection
	GlobalSection(ExtensibilityGlobals) = postSolution
		SolutionGuid = {B657BE5C-0714-44C4-8F01-8C035ABA119A}
	EndGlobalSection
EndGlobal
